// !$*UTF8*$!
{
	archiveVersion = 1;
	classes = {
	};
	objectVersion = 50;
	objects = {

/* Begin PBXBuildFile section */
		7D8FA508ADFF5184521E5CE7 /* Pods_Todo_List.framework in Frameworks */ = {isa = PBXBuildFile; fileRef = 31ECE04699F818348F984556 /* Pods_Todo_List.framework */; };
		BF20667321FCA9FE00778BEA /* AppDelegate.swift in Sources */ = {isa = PBXBuildFile; fileRef = BF20667221FCA9FE00778BEA /* AppDelegate.swift */; };
		BF20667521FCA9FE00778BEA /* TodoListViewController.swift in Sources */ = {isa = PBXBuildFile; fileRef = BF20667421FCA9FE00778BEA /* TodoListViewController.swift */; };
		BF20667821FCA9FE00778BEA /* Main.storyboard in Resources */ = {isa = PBXBuildFile; fileRef = BF20667621FCA9FE00778BEA /* Main.storyboard */; };
		BF20667A21FCA9FF00778BEA /* Assets.xcassets in Resources */ = {isa = PBXBuildFile; fileRef = BF20667921FCA9FF00778BEA /* Assets.xcassets */; };
		BF20667D21FCA9FF00778BEA /* LaunchScreen.storyboard in Resources */ = {isa = PBXBuildFile; fileRef = BF20667B21FCA9FF00778BEA /* LaunchScreen.storyboard */; };
		BF58BDB322038ACB004A2309 /* Item.swift in Sources */ = {isa = PBXBuildFile; fileRef = BF58BDB222038ACB004A2309 /* Item.swift */; };
		BF58BDB522038AE4004A2309 /* Category.swift in Sources */ = {isa = PBXBuildFile; fileRef = BF58BDB422038AE4004A2309 /* Category.swift */; };
		BF9DB6602200DEAE00ABE9E2 /* CategoryViewController.swift in Sources */ = {isa = PBXBuildFile; fileRef = BF9DB65F2200DEAE00ABE9E2 /* CategoryViewController.swift */; };
		BFF18FEE22060BC6001B22C7 /* SwipeTableViewController.swift in Sources */ = {isa = PBXBuildFile; fileRef = BFF18FED22060BC6001B22C7 /* SwipeTableViewController.swift */; };
/* End PBXBuildFile section */

/* Begin PBXFileReference section */
		31ECE04699F818348F984556 /* Pods_Todo_List.framework */ = {isa = PBXFileReference; explicitFileType = wrapper.framework; includeInIndex = 0; path = Pods_Todo_List.framework; sourceTree = BUILT_PRODUCTS_DIR; };
		53C178D7505337776D5406E7 /* Pods-Todo List.release.xcconfig */ = {isa = PBXFileReference; includeInIndex = 1; lastKnownFileType = text.xcconfig; name = "Pods-Todo List.release.xcconfig"; path = "Pods/Target Support Files/Pods-Todo List/Pods-Todo List.release.xcconfig"; sourceTree = "<group>"; };
		A30FB38F221DD21BB080626D /* Pods-Todo List.debug.xcconfig */ = {isa = PBXFileReference; includeInIndex = 1; lastKnownFileType = text.xcconfig; name = "Pods-Todo List.debug.xcconfig"; path = "Pods/Target Support Files/Pods-Todo List/Pods-Todo List.debug.xcconfig"; sourceTree = "<group>"; };
		BF20666F21FCA9FE00778BEA /* Todo List.app */ = {isa = PBXFileReference; explicitFileType = wrapper.application; includeInIndex = 0; path = "Todo List.app"; sourceTree = BUILT_PRODUCTS_DIR; };
		BF20667221FCA9FE00778BEA /* AppDelegate.swift */ = {isa = PBXFileReference; lastKnownFileType = sourcecode.swift; path = AppDelegate.swift; sourceTree = "<group>"; };
		BF20667421FCA9FE00778BEA /* TodoListViewController.swift */ = {isa = PBXFileReference; lastKnownFileType = sourcecode.swift; path = TodoListViewController.swift; sourceTree = "<group>"; };
		BF20667721FCA9FE00778BEA /* Base */ = {isa = PBXFileReference; lastKnownFileType = file.storyboard; name = Base; path = Base.lproj/Main.storyboard; sourceTree = "<group>"; };
		BF20667921FCA9FF00778BEA /* Assets.xcassets */ = {isa = PBXFileReference; lastKnownFileType = folder.assetcatalog; path = Assets.xcassets; sourceTree = "<group>"; };
		BF20667C21FCA9FF00778BEA /* Base */ = {isa = PBXFileReference; lastKnownFileType = file.storyboard; name = Base; path = Base.lproj/LaunchScreen.storyboard; sourceTree = "<group>"; };
		BF20667E21FCA9FF00778BEA /* Info.plist */ = {isa = PBXFileReference; lastKnownFileType = text.plist.xml; path = Info.plist; sourceTree = "<group>"; };
		BF58BDB222038ACB004A2309 /* Item.swift */ = {isa = PBXFileReference; lastKnownFileType = sourcecode.swift; path = Item.swift; sourceTree = "<group>"; };
		BF58BDB422038AE4004A2309 /* Category.swift */ = {isa = PBXFileReference; lastKnownFileType = sourcecode.swift; path = Category.swift; sourceTree = "<group>"; };
		BF9DB65F2200DEAE00ABE9E2 /* CategoryViewController.swift */ = {isa = PBXFileReference; lastKnownFileType = sourcecode.swift; path = CategoryViewController.swift; sourceTree = "<group>"; };
		BFF18FED22060BC6001B22C7 /* SwipeTableViewController.swift */ = {isa = PBXFileReference; lastKnownFileType = sourcecode.swift; path = SwipeTableViewController.swift; sourceTree = "<group>"; };
/* End PBXFileReference section */

/* Begin PBXFrameworksBuildPhase section */
		BF20666C21FCA9FE00778BEA /* Frameworks */ = {
			isa = PBXFrameworksBuildPhase;
			buildActionMask = 2147483647;
			files = (
				7D8FA508ADFF5184521E5CE7 /* Pods_Todo_List.framework in Frameworks */,
			);
			runOnlyForDeploymentPostprocessing = 0;
		};
/* End PBXFrameworksBuildPhase section */

/* Begin PBXGroup section */
		51504787063A100D66F4B6CE /* Pods */ = {
			isa = PBXGroup;
			children = (
				A30FB38F221DD21BB080626D /* Pods-Todo List.debug.xcconfig */,
				53C178D7505337776D5406E7 /* Pods-Todo List.release.xcconfig */,
			);
			name = Pods;
			sourceTree = "<group>";
		};
		A6C81121DA1148FB679C0B9B /* Frameworks */ = {
			isa = PBXGroup;
			children = (
				31ECE04699F818348F984556 /* Pods_Todo_List.framework */,
			);
			name = Frameworks;
			sourceTree = "<group>";
		};
		BF0F1C9A21FE41C5006EDFCE /* Data Model */ = {
			isa = PBXGroup;
			children = (
				BF58BDB422038AE4004A2309 /* Category.swift */,
				BF58BDB222038ACB004A2309 /* Item.swift */,
			);
			path = "Data Model";
			sourceTree = "<group>";
		};
		BF0F1C9B21FE41E0006EDFCE /* Controllers */ = {
			isa = PBXGroup;
			children = (
				BF9DB65F2200DEAE00ABE9E2 /* CategoryViewController.swift */,
				BF20667421FCA9FE00778BEA /* TodoListViewController.swift */,
				BFF18FED22060BC6001B22C7 /* SwipeTableViewController.swift */,
			);
			path = Controllers;
			sourceTree = "<group>";
		};
		BF0F1C9C21FE41F5006EDFCE /* Views */ = {
			isa = PBXGroup;
			children = (
				BF20667621FCA9FE00778BEA /* Main.storyboard */,
			);
			path = Views;
			sourceTree = "<group>";
		};
		BF0F1C9D21FE4212006EDFCE /* Supporting Files */ = {
			isa = PBXGroup;
			children = (
				BF20667921FCA9FF00778BEA /* Assets.xcassets */,
				BF20667B21FCA9FF00778BEA /* LaunchScreen.storyboard */,
			);
			path = "Supporting Files";
			sourceTree = "<group>";
		};
		BF20666621FCA9FE00778BEA = {
			isa = PBXGroup;
			children = (
				BF20667121FCA9FE00778BEA /* Todo List */,
				BF20667021FCA9FE00778BEA /* Products */,
				51504787063A100D66F4B6CE /* Pods */,
				A6C81121DA1148FB679C0B9B /* Frameworks */,
			);
			sourceTree = "<group>";
		};
		BF20667021FCA9FE00778BEA /* Products */ = {
			isa = PBXGroup;
			children = (
				BF20666F21FCA9FE00778BEA /* Todo List.app */,
			);
			name = Products;
			sourceTree = "<group>";
		};
		BF20667121FCA9FE00778BEA /* Todo List */ = {
			isa = PBXGroup;
			children = (
				BF20667221FCA9FE00778BEA /* AppDelegate.swift */,
				BF0F1C9B21FE41E0006EDFCE /* Controllers */,
				BF0F1C9A21FE41C5006EDFCE /* Data Model */,
				BF0F1C9C21FE41F5006EDFCE /* Views */,
				BF0F1C9D21FE4212006EDFCE /* Supporting Files */,
				BF20667E21FCA9FF00778BEA /* Info.plist */,
			);
			path = "Todo List";
			sourceTree = "<group>";
		};
/* End PBXGroup section */

/* Begin PBXNativeTarget section */
		BF20666E21FCA9FE00778BEA /* Todo List */ = {
			isa = PBXNativeTarget;
			buildConfigurationList = BF20668121FCA9FF00778BEA /* Build configuration list for PBXNativeTarget "Todo List" */;
			buildPhases = (
				87A86B17B71FA8BF2CC98B6E /* [CP] Check Pods Manifest.lock */,
				BF20666B21FCA9FE00778BEA /* Sources */,
				BF20666C21FCA9FE00778BEA /* Frameworks */,
				BF20666D21FCA9FE00778BEA /* Resources */,
				8DF1A68A27788F169FD1DC7E /* [CP] Embed Pods Frameworks */,
			);
			buildRules = (
			);
			dependencies = (
			);
			name = "Todo List";
			productName = "Todo List";
			productReference = BF20666F21FCA9FE00778BEA /* Todo List.app */;
			productType = "com.apple.product-type.application";
		};
/* End PBXNativeTarget section */

/* Begin PBXProject section */
		BF20666721FCA9FE00778BEA /* Project object */ = {
			isa = PBXProject;
			attributes = {
				LastSwiftUpdateCheck = 1010;
				LastUpgradeCheck = 1010;
				ORGANIZATIONNAME = "Ross Lubinski";
				TargetAttributes = {
					BF20666E21FCA9FE00778BEA = {
						CreatedOnToolsVersion = 10.1;
					};
				};
			};
			buildConfigurationList = BF20666A21FCA9FE00778BEA /* Build configuration list for PBXProject "Todo List" */;
			compatibilityVersion = "Xcode 9.3";
			developmentRegion = en;
			hasScannedForEncodings = 0;
			knownRegions = (
				en,
				Base,
			);
			mainGroup = BF20666621FCA9FE00778BEA;
			productRefGroup = BF20667021FCA9FE00778BEA /* Products */;
			projectDirPath = "";
			projectRoot = "";
			targets = (
				BF20666E21FCA9FE00778BEA /* Todo List */,
			);
		};
/* End PBXProject section */

/* Begin PBXResourcesBuildPhase section */
		BF20666D21FCA9FE00778BEA /* Resources */ = {
			isa = PBXResourcesBuildPhase;
			buildActionMask = 2147483647;
			files = (
				BF20667D21FCA9FF00778BEA /* LaunchScreen.storyboard in Resources */,
				BF20667A21FCA9FF00778BEA /* Assets.xcassets in Resources */,
				BF20667821FCA9FE00778BEA /* Main.storyboard in Resources */,
			);
			runOnlyForDeploymentPostprocessing = 0;
		};
/* End PBXResourcesBuildPhase section */

/* Begin PBXShellScriptBuildPhase section */
		87A86B17B71FA8BF2CC98B6E /* [CP] Check Pods Manifest.lock */ = {
			isa = PBXShellScriptBuildPhase;
			buildActionMask = 2147483647;
			files = (
			);
			inputPaths = (
				"${PODS_PODFILE_DIR_PATH}/Podfile.lock",
				"${PODS_ROOT}/Manifest.lock",
			);
			name = "[CP] Check Pods Manifest.lock";
			outputPaths = (
				"$(DERIVED_FILE_DIR)/Pods-Todo List-checkManifestLockResult.txt",
			);
			runOnlyForDeploymentPostprocessing = 0;
			shellPath = /bin/sh;
			shellScript = "diff \"${PODS_PODFILE_DIR_PATH}/Podfile.lock\" \"${PODS_ROOT}/Manifest.lock\" > /dev/null\nif [ $? != 0 ] ; then\n    # print error to STDERR\n    echo \"error: The sandbox is not in sync with the Podfile.lock. Run 'pod install' or update your CocoaPods installation.\" >&2\n    exit 1\nfi\n# This output is used by Xcode 'outputs' to avoid re-running this script phase.\necho \"SUCCESS\" > \"${SCRIPT_OUTPUT_FILE_0}\"\n";
			showEnvVarsInLog = 0;
		};
		8DF1A68A27788F169FD1DC7E /* [CP] Embed Pods Frameworks */ = {
			isa = PBXShellScriptBuildPhase;
			buildActionMask = 2147483647;
			files = (
			);
			inputPaths = (
				"${SRCROOT}/Pods/Target Support Files/Pods-Todo List/Pods-Todo List-frameworks.sh",
				"${BUILT_PRODUCTS_DIR}/ChameleonFramework/ChameleonFramework.framework",
				"${BUILT_PRODUCTS_DIR}/Realm/Realm.framework",
				"${BUILT_PRODUCTS_DIR}/RealmSwift/RealmSwift.framework",
				"${BUILT_PRODUCTS_DIR}/SwipeCellKit/SwipeCellKit.framework",
			);
			name = "[CP] Embed Pods Frameworks";
			outputPaths = (
				"${TARGET_BUILD_DIR}/${FRAMEWORKS_FOLDER_PATH}/ChameleonFramework.framework",
				"${TARGET_BUILD_DIR}/${FRAMEWORKS_FOLDER_PATH}/Realm.framework",
				"${TARGET_BUILD_DIR}/${FRAMEWORKS_FOLDER_PATH}/RealmSwift.framework",
				"${TARGET_BUILD_DIR}/${FRAMEWORKS_FOLDER_PATH}/SwipeCellKit.framework",
			);
			runOnlyForDeploymentPostprocessing = 0;
			shellPath = /bin/sh;
			shellScript = "\"${SRCROOT}/Pods/Target Support Files/Pods-Todo List/Pods-Todo List-frameworks.sh\"\n";
			showEnvVarsInLog = 0;
		};
/* End PBXShellScriptBuildPhase section */

/* Begin PBXSourcesBuildPhase section */
		BF20666B21FCA9FE00778BEA /* Sources */ = {
			isa = PBXSourcesBuildPhase;
			buildActionMask = 2147483647;
			files = (
				BF58BDB322038ACB004A2309 /* Item.swift in Sources */,
				BF9DB6602200DEAE00ABE9E2 /* CategoryViewController.swift in Sources */,
				BF20667521FCA9FE00778BEA /* TodoListViewController.swift in Sources */,
				BF20667321FCA9FE00778BEA /* AppDelegate.swift in Sources */,
				BFF18FEE22060BC6001B22C7 /* SwipeTableViewController.swift in Sources */,
				BF58BDB522038AE4004A2309 /* Category.swift in Sources */,
			);
			runOnlyForDeploymentPostprocessing = 0;
		};
/* End PBXSourcesBuildPhase section */

/* Begin PBXVariantGroup section */
		BF20667621FCA9FE00778BEA /* Main.storyboard */ = {
			isa = PBXVariantGroup;
			children = (
				BF20667721FCA9FE00778BEA /* Base */,
			);
			name = Main.storyboard;
			sourceTree = "<group>";
		};
		BF20667B21FCA9FF00778BEA /* LaunchScreen.storyboard */ = {
			isa = PBXVariantGroup;
			children = (
				BF20667C21FCA9FF00778BEA /* Base */,
			);
			name = LaunchScreen.storyboard;
			sourceTree = "<group>";
		};
/* End PBXVariantGroup section */

/* Begin XCBuildConfiguration section */
		BF20667F21FCA9FF00778BEA /* Debug */ = {
			isa = XCBuildConfiguration;
			buildSettings = {
				ALWAYS_SEARCH_USER_PATHS = NO;
				CLANG_ANALYZER_NONNULL = YES;
				CLANG_ANALYZER_NUMBER_OBJECT_CONVERSION = YES_AGGRESSIVE;
				CLANG_CXX_LANGUAGE_STANDARD = "gnu++14";
				CLANG_CXX_LIBRARY = "libc++";
				CLANG_ENABLE_MODULES = YES;
				CLANG_ENABLE_OBJC_ARC = YES;
				CLANG_ENABLE_OBJC_WEAK = YES;
				CLANG_WARN_BLOCK_CAPTURE_AUTORELEASING = YES;
				CLANG_WARN_BOOL_CONVERSION = YES;
				CLANG_WARN_COMMA = YES;
				CLANG_WARN_CONSTANT_CONVERSION = YES;
				CLANG_WARN_DEPRECATED_OBJC_IMPLEMENTATIONS = YES;
				CLANG_WARN_DIRECT_OBJC_ISA_USAGE = YES_ERROR;
				CLANG_WARN_DOCUMENTATION_COMMENTS = YES;
				CLANG_WARN_EMPTY_BODY = YES;
				CLANG_WARN_ENUM_CONVERSION = YES;
				CLANG_WARN_INFINITE_RECURSION = YES;
				CLANG_WARN_INT_CONVERSION = YES;
				CLANG_WARN_NON_LITERAL_NULL_CONVERSION = YES;
				CLANG_WARN_OBJC_IMPLICIT_RETAIN_SELF = YES;
				CLANG_WARN_OBJC_LITERAL_CONVERSION = YES;
				CLANG_WARN_OBJC_ROOT_CLASS = YES_ERROR;
				CLANG_WARN_RANGE_LOOP_ANALYSIS = YES;
				CLANG_WARN_STRICT_PROTOTYPES = YES;
				CLANG_WARN_SUSPICIOUS_MOVE = YES;
				CLANG_WARN_UNGUARDED_AVAILABILITY = YES_AGGRESSIVE;
				CLANG_WARN_UNREACHABLE_CODE = YES;
				CLANG_WARN__DUPLICATE_METHOD_MATCH = YES;
				CODE_SIGN_IDENTITY = "iPhone Developer";
				COPY_PHASE_STRIP = NO;
				DEBUG_INFORMATION_FORMAT = dwarf;
				ENABLE_STRICT_OBJC_MSGSEND = YES;
				ENABLE_TESTABILITY = YES;
				GCC_C_LANGUAGE_STANDARD = gnu11;
				GCC_DYNAMIC_NO_PIC = NO;
				GCC_NO_COMMON_BLOCKS = YES;
				GCC_OPTIMIZATION_LEVEL = 0;
				GCC_PREPROCESSOR_DEFINITIONS = (
					"DEBUG=1",
					"$(inherited)",
				);
				GCC_WARN_64_TO_32_BIT_CONVERSION = YES;
				GCC_WARN_ABOUT_RETURN_TYPE = YES_ERROR;
				GCC_WARN_UNDECLARED_SELECTOR = YES;
				GCC_WARN_UNINITIALIZED_AUTOS = YES_AGGRESSIVE;
				GCC_WARN_UNUSED_FUNCTION = YES;
				GCC_WARN_UNUSED_VARIABLE = YES;
				IPHONEOS_DEPLOYMENT_TARGET = 12.1;
				MTL_ENABLE_DEBUG_INFO = INCLUDE_SOURCE;
				MTL_FAST_MATH = YES;
				ONLY_ACTIVE_ARCH = YES;
				SDKROOT = iphoneos;
				SWIFT_ACTIVE_COMPILATION_CONDITIONS = DEBUG;
				SWIFT_OPTIMIZATION_LEVEL = "-Onone";
			};
			name = Debug;
		};
		BF20668021FCA9FF00778BEA /* Release */ = {
			isa = XCBuildConfiguration;
			buildSettings = {
				ALWAYS_SEARCH_USER_PATHS = NO;
				CLANG_ANALYZER_NONNULL = YES;
				CLANG_ANALYZER_NUMBER_OBJECT_CONVERSION = YES_AGGRESSIVE;
				CLANG_CXX_LANGUAGE_STANDARD = "gnu++14";
				CLANG_CXX_LIBRARY = "libc++";
				CLANG_ENABLE_MODULES = YES;
				CLANG_ENABLE_OBJC_ARC = YES;
				CLANG_ENABLE_OBJC_WEAK = YES;
				CLANG_WARN_BLOCK_CAPTURE_AUTORELEASING = YES;
				CLANG_WARN_BOOL_CONVERSION = YES;
				CLANG_WARN_COMMA = YES;
				CLANG_WARN_CONSTANT_CONVERSION = YES;
				CLANG_WARN_DEPRECATED_OBJC_IMPLEMENTATIONS = YES;
				CLANG_WARN_DIRECT_OBJC_ISA_USAGE = YES_ERROR;
				CLANG_WARN_DOCUMENTATION_COMMENTS = YES;
				CLANG_WARN_EMPTY_BODY = YES;
				CLANG_WARN_ENUM_CONVERSION = YES;
				CLANG_WARN_INFINITE_RECURSION = YES;
				CLANG_WARN_INT_CONVERSION = YES;
				CLANG_WARN_NON_LITERAL_NULL_CONVERSION = YES;
				CLANG_WARN_OBJC_IMPLICIT_RETAIN_SELF = YES;
				CLANG_WARN_OBJC_LITERAL_CONVERSION = YES;
				CLANG_WARN_OBJC_ROOT_CLASS = YES_ERROR;
				CLANG_WARN_RANGE_LOOP_ANALYSIS = YES;
				CLANG_WARN_STRICT_PROTOTYPES = YES;
				CLANG_WARN_SUSPICIOUS_MOVE = YES;
				CLANG_WARN_UNGUARDED_AVAILABILITY = YES_AGGRESSIVE;
				CLANG_WARN_UNREACHABLE_CODE = YES;
				CLANG_WARN__DUPLICATE_METHOD_MATCH = YES;
				CODE_SIGN_IDENTITY = "iPhone Developer";
				COPY_PHASE_STRIP = NO;
				DEBUG_INFORMATION_FORMAT = "dwarf-with-dsym";
				ENABLE_NS_ASSERTIONS = NO;
				ENABLE_STRICT_OBJC_MSGSEND = YES;
				GCC_C_LANGUAGE_STANDARD = gnu11;
				GCC_NO_COMMON_BLOCKS = YES;
				GCC_WARN_64_TO_32_BIT_CONVERSION = YES;
				GCC_WARN_ABOUT_RETURN_TYPE = YES_ERROR;
				GCC_WARN_UNDECLARED_SELECTOR = YES;
				GCC_WARN_UNINITIALIZED_AUTOS = YES_AGGRESSIVE;
				GCC_WARN_UNUSED_FUNCTION = YES;
				GCC_WARN_UNUSED_VARIABLE = YES;
				IPHONEOS_DEPLOYMENT_TARGET = 12.1;
				MTL_ENABLE_DEBUG_INFO = NO;
				MTL_FAST_MATH = YES;
				SDKROOT = iphoneos;
				SWIFT_COMPILATION_MODE = wholemodule;
				SWIFT_OPTIMIZATION_LEVEL = "-O";
				VALIDATE_PRODUCT = YES;
			};
			name = Release;
		};
		BF20668221FCA9FF00778BEA /* Debug */ = {
			isa = XCBuildConfiguration;
			baseConfigurationReference = A30FB38F221DD21BB080626D /* Pods-Todo List.debug.xcconfig */;
			buildSettings = {
				ASSETCATALOG_COMPILER_APPICON_NAME = AppIcon;
				CODE_SIGN_STYLE = Automatic;
				DEVELOPMENT_TEAM = F766M867PQ;
				INFOPLIST_FILE = "Todo List/Info.plist";
				LD_RUNPATH_SEARCH_PATHS = (
					"$(inherited)",
					"@executable_path/Frameworks",
				);
				PRODUCT_BUNDLE_IDENTIFIER = "com.rosslubinski.Todo-List";
				PRODUCT_NAME = "$(TARGET_NAME)";
				SWIFT_VERSION = 4.2;
				TARGETED_DEVICE_FAMILY = "1,2";
			};
			name = Debug;
		};
		BF20668321FCA9FF00778BEA /* Release */ = {
			isa = XCBuildConfiguration;
			baseConfigurationReference = 53C178D7505337776D5406E7 /* Pods-Todo List.release.xcconfig */;
			buildSettings = {
				ASSETCATALOG_COMPILER_APPICON_NAME = AppIcon;
				CODE_SIGN_STYLE = Automatic;
				DEVELOPMENT_TEAM = F766M867PQ;
				INFOPLIST_FILE = "Todo List/Info.plist";
				LD_RUNPATH_SEARCH_PATHS = (
					"$(inherited)",
					"@executable_path/Frameworks",
				);
				PRODUCT_BUNDLE_IDENTIFIER = "com.rosslubinski.Todo-List";
				PRODUCT_NAME = "$(TARGET_NAME)";
				SWIFT_VERSION = 4.2;
				TARGETED_DEVICE_FAMILY = "1,2";
			};
			name = Release;
		};
/* End XCBuildConfiguration section */

/* Begin XCConfigurationList section */
		BF20666A21FCA9FE00778BEA /* Build configuration list for PBXProject "Todo List" */ = {
			isa = XCConfigurationList;
			buildConfigurations = (
				BF20667F21FCA9FF00778BEA /* Debug */,
				BF20668021FCA9FF00778BEA /* Release */,
			);
			defaultConfigurationIsVisible = 0;
			defaultConfigurationName = Release;
		};
		BF20668121FCA9FF00778BEA /* Build configuration list for PBXNativeTarget "Todo List" */ = {
			isa = XCConfigurationList;
			buildConfigurations = (
				BF20668221FCA9FF00778BEA /* Debug */,
				BF20668321FCA9FF00778BEA /* Release */,
			);
			defaultConfigurationIsVisible = 0;
			defaultConfigurationName = Release;
		};
/* End XCConfigurationList section */
	};
	rootObject = BF20666721FCA9FE00778BEA /* Project object */;
}
